// !$*UTF8*$!
{
	archiveVersion = 1;
	classes = {
	};
	objectVersion = 55;
	objects = {

/* Begin PBXBuildFile section */
		684DB84C27C906F100F9250D /* String_Extension.swift in Sources */ = {isa = PBXBuildFile; fileRef = 684DB84B27C906F100F9250D /* String_Extension.swift */; };
		684DB84E27C91A1500F9250D /* PostView.swift in Sources */ = {isa = PBXBuildFile; fileRef = 684DB84D27C91A1500F9250D /* PostView.swift */; };
		684DB85027C9ACB900F9250D /* PostCellView.swift in Sources */ = {isa = PBXBuildFile; fileRef = 684DB84F27C9ACB900F9250D /* PostCellView.swift */; };
		684DB85227C9FD2500F9250D /* AddPostView.swift in Sources */ = {isa = PBXBuildFile; fileRef = 684DB85127C9FD2500F9250D /* AddPostView.swift */; };
		684DB85427CAE3FF00F9250D /* ChildChatCellView.swift in Sources */ = {isa = PBXBuildFile; fileRef = 684DB85327CAE3FF00F9250D /* ChildChatCellView.swift */; };
		684DB85627CAEFC000F9250D /* ChildAnswerCellView.swift in Sources */ = {isa = PBXBuildFile; fileRef = 684DB85527CAEFC000F9250D /* ChildAnswerCellView.swift */; };
		68AB85C627C6F8B40061E096 /* chatbotApp.swift in Sources */ = {isa = PBXBuildFile; fileRef = 68AB85C527C6F8B40061E096 /* chatbotApp.swift */; };
		68AB85C827C6F8B40061E096 /* ContentView.swift in Sources */ = {isa = PBXBuildFile; fileRef = 68AB85C727C6F8B40061E096 /* ContentView.swift */; };
		68AB85CA27C6F8B60061E096 /* Assets.xcassets in Resources */ = {isa = PBXBuildFile; fileRef = 68AB85C927C6F8B60061E096 /* Assets.xcassets */; };
		68AB85CD27C6F8B60061E096 /* Preview Assets.xcassets in Resources */ = {isa = PBXBuildFile; fileRef = 68AB85CC27C6F8B60061E096 /* Preview Assets.xcassets */; };
		68AB85D727C6F8B60061E096 /* chatbotTests.swift in Sources */ = {isa = PBXBuildFile; fileRef = 68AB85D627C6F8B60061E096 /* chatbotTests.swift */; };
		68AB85E127C6F8B60061E096 /* chatbotUITests.swift in Sources */ = {isa = PBXBuildFile; fileRef = 68AB85E027C6F8B60061E096 /* chatbotUITests.swift */; };
		68AB85E327C6F8B60061E096 /* chatbotUITestsLaunchTests.swift in Sources */ = {isa = PBXBuildFile; fileRef = 68AB85E227C6F8B60061E096 /* chatbotUITestsLaunchTests.swift */; };
		68AB85F227C6FEC80061E096 /* SettingView.swift in Sources */ = {isa = PBXBuildFile; fileRef = 68AB85F127C6FEC80061E096 /* SettingView.swift */; };
		68AB85F627C705090061E096 /* SideMenuView.swift in Sources */ = {isa = PBXBuildFile; fileRef = 68AB85F527C705090061E096 /* SideMenuView.swift */; };
		68AB85FA27C71A5F0061E096 /* SignUpVIew.swift in Sources */ = {isa = PBXBuildFile; fileRef = 68AB85F927C71A5F0061E096 /* SignUpVIew.swift */; };
		68AB85FC27C71EF00061E096 /* ImagePickerView.swift in Sources */ = {isa = PBXBuildFile; fileRef = 68AB85FB27C71EF00061E096 /* ImagePickerView.swift */; };
		68AB85FE27C740E60061E096 /* LoginView.swift in Sources */ = {isa = PBXBuildFile; fileRef = 68AB85FD27C740E60061E096 /* LoginView.swift */; };
		68AB860027C74B210061E096 /* TempSignUpView.swift in Sources */ = {isa = PBXBuildFile; fileRef = 68AB85FF27C74B210061E096 /* TempSignUpView.swift */; };
		68AB860327C760670061E096 /* ratings.csv in Resources */ = {isa = PBXBuildFile; fileRef = 68AB860227C760670061E096 /* ratings.csv */; };
		68AB860527C760740061E096 /* movies.csv in Resources */ = {isa = PBXBuildFile; fileRef = 68AB860427C760740061E096 /* movies.csv */; };
		68AB860727C761580061E096 /* MovieViewModel.swift in Sources */ = {isa = PBXBuildFile; fileRef = 68AB860627C761580061E096 /* MovieViewModel.swift */; };
		68AB860927C795FC0061E096 /* ChatCellView.swift in Sources */ = {isa = PBXBuildFile; fileRef = 68AB860827C795FC0061E096 /* ChatCellView.swift */; };
		68AB860C27C79C950061E096 /* DataModel.swift in Sources */ = {isa = PBXBuildFile; fileRef = 68AB860B27C79C950061E096 /* DataModel.swift */; };
		68AB861127C84A3F0061E096 /* AuthViewModel.swift in Sources */ = {isa = PBXBuildFile; fileRef = 68AB861027C84A3F0061E096 /* AuthViewModel.swift */; };
		68B303CE27C8946D007E080D /* Apikey.swift in Sources */ = {isa = PBXBuildFile; fileRef = 68B303CD27C8946D007E080D /* Apikey.swift */; };
		68B303D027C8D2DD007E080D /* SelfCellView.swift in Sources */ = {isa = PBXBuildFile; fileRef = 68B303CF27C8D2DD007E080D /* SelfCellView.swift */; };
		68B303D227C8D7A7007E080D /* BotCellView.swift in Sources */ = {isa = PBXBuildFile; fileRef = 68B303D127C8D7A7007E080D /* BotCellView.swift */; };
		68B303D427C8E857007E080D /* HomeView.swift in Sources */ = {isa = PBXBuildFile; fileRef = 68B303D327C8E857007E080D /* HomeView.swift */; };
		68DCA02927CB326E00B69D85 /* GoogleService-Info.plist in Resources */ = {isa = PBXBuildFile; fileRef = 68DCA02827CB326D00B69D85 /* GoogleService-Info.plist */; };
		68DCA02C27CB32F400B69D85 /* FirebaseAnalytics in Frameworks */ = {isa = PBXBuildFile; productRef = 68DCA02B27CB32F400B69D85 /* FirebaseAnalytics */; };
		68DCA02E27CB32F400B69D85 /* FirebaseAuth in Frameworks */ = {isa = PBXBuildFile; productRef = 68DCA02D27CB32F400B69D85 /* FirebaseAuth */; };
		68DCA03027CB32F400B69D85 /* FirebaseDatabase in Frameworks */ = {isa = PBXBuildFile; productRef = 68DCA02F27CB32F400B69D85 /* FirebaseDatabase */; };
		68DCA03227CB32F400B69D85 /* FirebaseFirestore in Frameworks */ = {isa = PBXBuildFile; productRef = 68DCA03127CB32F400B69D85 /* FirebaseFirestore */; };
		68DCA03427CB32F400B69D85 /* FirebaseFunctions in Frameworks */ = {isa = PBXBuildFile; productRef = 68DCA03327CB32F400B69D85 /* FirebaseFunctions */; };
		68DCA03627CB32F400B69D85 /* FirebaseMessaging in Frameworks */ = {isa = PBXBuildFile; productRef = 68DCA03527CB32F400B69D85 /* FirebaseMessaging */; };
		68DCA03827CB32F400B69D85 /* FirebaseStorage in Frameworks */ = {isa = PBXBuildFile; productRef = 68DCA03727CB32F400B69D85 /* FirebaseStorage */; };
		68DCA03A27CB6E5100B69D85 /* ChildEvalCellView.swift in Sources */ = {isa = PBXBuildFile; fileRef = 68DCA03927CB6E5100B69D85 /* ChildEvalCellView.swift */; };
		68DCA03C27CB85D900B69D85 /* ReviewView.swift in Sources */ = {isa = PBXBuildFile; fileRef = 68DCA03B27CB85D900B69D85 /* ReviewView.swift */; };
		68DE549427D26B2D004D7EB9 /* PKHUD in Frameworks */ = {isa = PBXBuildFile; productRef = 68DE549327D26B2D004D7EB9 /* PKHUD */; };
		68DE549727D368DB004D7EB9 /* AlamofireImage in Frameworks */ = {isa = PBXBuildFile; productRef = 68DE549627D368DB004D7EB9 /* AlamofireImage */; };
		68DE549A27D37DC4004D7EB9 /* SwiftyJSON in Frameworks */ = {isa = PBXBuildFile; productRef = 68DE549927D37DC4004D7EB9 /* SwiftyJSON */; };
		B8D1489AF84072EE87D6CDA3 /* Pods_chatbot_chatbotUITests.framework in Frameworks */ = {isa = PBXBuildFile; fileRef = 15FBA3CEB2C1A28995D22A86 /* Pods_chatbot_chatbotUITests.framework */; };
		D3662CD76CBFDFFDE11B259D /* Pods_chatbotTests.framework in Frameworks */ = {isa = PBXBuildFile; fileRef = 52E540C68ECD350C8787AC1E /* Pods_chatbotTests.framework */; };
		E48CA53F7B433CE897B663A8 /* Pods_chatbot.framework in Frameworks */ = {isa = PBXBuildFile; fileRef = 6E589C411785CA9F38E1D253 /* Pods_chatbot.framework */; };
/* End PBXBuildFile section */

/* Begin PBXContainerItemProxy section */
		68AB85D327C6F8B60061E096 /* PBXContainerItemProxy */ = {
			isa = PBXContainerItemProxy;
			containerPortal = 68AB85BA27C6F8B40061E096 /* Project object */;
			proxyType = 1;
			remoteGlobalIDString = 68AB85C127C6F8B40061E096;
			remoteInfo = chatbot;
		};
		68AB85DD27C6F8B60061E096 /* PBXContainerItemProxy */ = {
			isa = PBXContainerItemProxy;
			containerPortal = 68AB85BA27C6F8B40061E096 /* Project object */;
			proxyType = 1;
			remoteGlobalIDString = 68AB85C127C6F8B40061E096;
			remoteInfo = chatbot;
		};
/* End PBXContainerItemProxy section */

/* Begin PBXFileReference section */
		15FBA3CEB2C1A28995D22A86 /* Pods_chatbot_chatbotUITests.framework */ = {isa = PBXFileReference; explicitFileType = wrapper.framework; includeInIndex = 0; path = Pods_chatbot_chatbotUITests.framework; sourceTree = BUILT_PRODUCTS_DIR; };
		2CD0987D2233BB616F072A1C /* Pods-chatbotTests.release.xcconfig */ = {isa = PBXFileReference; includeInIndex = 1; lastKnownFileType = text.xcconfig; name = "Pods-chatbotTests.release.xcconfig"; path = "Target Support Files/Pods-chatbotTests/Pods-chatbotTests.release.xcconfig"; sourceTree = "<group>"; };
		2E28AF7D08B909EB7D20C327 /* Pods-chatbot.debug.xcconfig */ = {isa = PBXFileReference; includeInIndex = 1; lastKnownFileType = text.xcconfig; name = "Pods-chatbot.debug.xcconfig"; path = "Target Support Files/Pods-chatbot/Pods-chatbot.debug.xcconfig"; sourceTree = "<group>"; };
		52E540C68ECD350C8787AC1E /* Pods_chatbotTests.framework */ = {isa = PBXFileReference; explicitFileType = wrapper.framework; includeInIndex = 0; path = Pods_chatbotTests.framework; sourceTree = BUILT_PRODUCTS_DIR; };
		684DB84B27C906F100F9250D /* String_Extension.swift */ = {isa = PBXFileReference; lastKnownFileType = sourcecode.swift; path = String_Extension.swift; sourceTree = "<group>"; };
		684DB84D27C91A1500F9250D /* PostView.swift */ = {isa = PBXFileReference; lastKnownFileType = sourcecode.swift; path = PostView.swift; sourceTree = "<group>"; };
		684DB84F27C9ACB900F9250D /* PostCellView.swift */ = {isa = PBXFileReference; lastKnownFileType = sourcecode.swift; path = PostCellView.swift; sourceTree = "<group>"; };
		684DB85127C9FD2500F9250D /* AddPostView.swift */ = {isa = PBXFileReference; lastKnownFileType = sourcecode.swift; path = AddPostView.swift; sourceTree = "<group>"; };
		684DB85327CAE3FF00F9250D /* ChildChatCellView.swift */ = {isa = PBXFileReference; lastKnownFileType = sourcecode.swift; path = ChildChatCellView.swift; sourceTree = "<group>"; };
		684DB85527CAEFC000F9250D /* ChildAnswerCellView.swift */ = {isa = PBXFileReference; lastKnownFileType = sourcecode.swift; path = ChildAnswerCellView.swift; sourceTree = "<group>"; };
		68AB85C227C6F8B40061E096 /* chatbot.app */ = {isa = PBXFileReference; explicitFileType = wrapper.application; includeInIndex = 0; path = chatbot.app; sourceTree = BUILT_PRODUCTS_DIR; };
		68AB85C527C6F8B40061E096 /* chatbotApp.swift */ = {isa = PBXFileReference; lastKnownFileType = sourcecode.swift; path = chatbotApp.swift; sourceTree = "<group>"; };
		68AB85C727C6F8B40061E096 /* ContentView.swift */ = {isa = PBXFileReference; lastKnownFileType = sourcecode.swift; path = ContentView.swift; sourceTree = "<group>"; };
		68AB85C927C6F8B60061E096 /* Assets.xcassets */ = {isa = PBXFileReference; lastKnownFileType = folder.assetcatalog; path = Assets.xcassets; sourceTree = "<group>"; };
		68AB85CC27C6F8B60061E096 /* Preview Assets.xcassets */ = {isa = PBXFileReference; lastKnownFileType = folder.assetcatalog; path = "Preview Assets.xcassets"; sourceTree = "<group>"; };
		68AB85D227C6F8B60061E096 /* chatbotTests.xctest */ = {isa = PBXFileReference; explicitFileType = wrapper.cfbundle; includeInIndex = 0; path = chatbotTests.xctest; sourceTree = BUILT_PRODUCTS_DIR; };
		68AB85D627C6F8B60061E096 /* chatbotTests.swift */ = {isa = PBXFileReference; lastKnownFileType = sourcecode.swift; path = chatbotTests.swift; sourceTree = "<group>"; };
		68AB85DC27C6F8B60061E096 /* chatbotUITests.xctest */ = {isa = PBXFileReference; explicitFileType = wrapper.cfbundle; includeInIndex = 0; path = chatbotUITests.xctest; sourceTree = BUILT_PRODUCTS_DIR; };
		68AB85E027C6F8B60061E096 /* chatbotUITests.swift */ = {isa = PBXFileReference; lastKnownFileType = sourcecode.swift; path = chatbotUITests.swift; sourceTree = "<group>"; };
		68AB85E227C6F8B60061E096 /* chatbotUITestsLaunchTests.swift */ = {isa = PBXFileReference; lastKnownFileType = sourcecode.swift; path = chatbotUITestsLaunchTests.swift; sourceTree = "<group>"; };
		68AB85F127C6FEC80061E096 /* SettingView.swift */ = {isa = PBXFileReference; lastKnownFileType = sourcecode.swift; path = SettingView.swift; sourceTree = "<group>"; };
		68AB85F527C705090061E096 /* SideMenuView.swift */ = {isa = PBXFileReference; lastKnownFileType = sourcecode.swift; path = SideMenuView.swift; sourceTree = "<group>"; };
		68AB85F927C71A5F0061E096 /* SignUpVIew.swift */ = {isa = PBXFileReference; lastKnownFileType = sourcecode.swift; path = SignUpVIew.swift; sourceTree = "<group>"; };
		68AB85FB27C71EF00061E096 /* ImagePickerView.swift */ = {isa = PBXFileReference; lastKnownFileType = sourcecode.swift; path = ImagePickerView.swift; sourceTree = "<group>"; };
		68AB85FD27C740E60061E096 /* LoginView.swift */ = {isa = PBXFileReference; lastKnownFileType = sourcecode.swift; path = LoginView.swift; sourceTree = "<group>"; };
		68AB85FF27C74B210061E096 /* TempSignUpView.swift */ = {isa = PBXFileReference; lastKnownFileType = sourcecode.swift; path = TempSignUpView.swift; sourceTree = "<group>"; };
		68AB860227C760670061E096 /* ratings.csv */ = {isa = PBXFileReference; fileEncoding = 4; lastKnownFileType = text; path = ratings.csv; sourceTree = "<group>"; };
		68AB860427C760740061E096 /* movies.csv */ = {isa = PBXFileReference; fileEncoding = 4; lastKnownFileType = text; path = movies.csv; sourceTree = "<group>"; };
		68AB860627C761580061E096 /* MovieViewModel.swift */ = {isa = PBXFileReference; lastKnownFileType = sourcecode.swift; path = MovieViewModel.swift; sourceTree = "<group>"; };
		68AB860827C795FC0061E096 /* ChatCellView.swift */ = {isa = PBXFileReference; lastKnownFileType = sourcecode.swift; path = ChatCellView.swift; sourceTree = "<group>"; };
		68AB860B27C79C950061E096 /* DataModel.swift */ = {isa = PBXFileReference; lastKnownFileType = sourcecode.swift; path = DataModel.swift; sourceTree = "<group>"; };
		68AB861027C84A3F0061E096 /* AuthViewModel.swift */ = {isa = PBXFileReference; lastKnownFileType = sourcecode.swift; path = AuthViewModel.swift; sourceTree = "<group>"; };
		68B303CD27C8946D007E080D /* Apikey.swift */ = {isa = PBXFileReference; lastKnownFileType = sourcecode.swift; path = Apikey.swift; sourceTree = "<group>"; };
		68B303CF27C8D2DD007E080D /* SelfCellView.swift */ = {isa = PBXFileReference; lastKnownFileType = sourcecode.swift; path = SelfCellView.swift; sourceTree = "<group>"; };
		68B303D127C8D7A7007E080D /* BotCellView.swift */ = {isa = PBXFileReference; lastKnownFileType = sourcecode.swift; path = BotCellView.swift; sourceTree = "<group>"; };
		68B303D327C8E857007E080D /* HomeView.swift */ = {isa = PBXFileReference; lastKnownFileType = sourcecode.swift; path = HomeView.swift; sourceTree = "<group>"; };
		68DCA02827CB326D00B69D85 /* GoogleService-Info.plist */ = {isa = PBXFileReference; fileEncoding = 4; lastKnownFileType = text.plist.xml; path = "GoogleService-Info.plist"; sourceTree = "<group>"; };
		68DCA03927CB6E5100B69D85 /* ChildEvalCellView.swift */ = {isa = PBXFileReference; lastKnownFileType = sourcecode.swift; path = ChildEvalCellView.swift; sourceTree = "<group>"; };
		68DCA03B27CB85D900B69D85 /* ReviewView.swift */ = {isa = PBXFileReference; lastKnownFileType = sourcecode.swift; path = ReviewView.swift; sourceTree = "<group>"; };
		6E589C411785CA9F38E1D253 /* Pods_chatbot.framework */ = {isa = PBXFileReference; explicitFileType = wrapper.framework; includeInIndex = 0; path = Pods_chatbot.framework; sourceTree = BUILT_PRODUCTS_DIR; };
		76BA40331FC738A3B63D5C20 /* Pods-chatbot.release.xcconfig */ = {isa = PBXFileReference; includeInIndex = 1; lastKnownFileType = text.xcconfig; name = "Pods-chatbot.release.xcconfig"; path = "Target Support Files/Pods-chatbot/Pods-chatbot.release.xcconfig"; sourceTree = "<group>"; };
		9BBCEA1733F6DDD27BE71ACC /* Pods-chatbot-chatbotUITests.release.xcconfig */ = {isa = PBXFileReference; includeInIndex = 1; lastKnownFileType = text.xcconfig; name = "Pods-chatbot-chatbotUITests.release.xcconfig"; path = "Target Support Files/Pods-chatbot-chatbotUITests/Pods-chatbot-chatbotUITests.release.xcconfig"; sourceTree = "<group>"; };
		C0F6AABC08BCABDE7379050B /* Pods-chatbot-chatbotUITests.debug.xcconfig */ = {isa = PBXFileReference; includeInIndex = 1; lastKnownFileType = text.xcconfig; name = "Pods-chatbot-chatbotUITests.debug.xcconfig"; path = "Target Support Files/Pods-chatbot-chatbotUITests/Pods-chatbot-chatbotUITests.debug.xcconfig"; sourceTree = "<group>"; };
		FA41D918F9A1B9860C549B6F /* Pods-chatbotTests.debug.xcconfig */ = {isa = PBXFileReference; includeInIndex = 1; lastKnownFileType = text.xcconfig; name = "Pods-chatbotTests.debug.xcconfig"; path = "Target Support Files/Pods-chatbotTests/Pods-chatbotTests.debug.xcconfig"; sourceTree = "<group>"; };
/* End PBXFileReference section */

/* Begin PBXFrameworksBuildPhase section */
		68AB85BF27C6F8B40061E096 /* Frameworks */ = {
			isa = PBXFrameworksBuildPhase;
			buildActionMask = 2147483647;
			files = (
				68DE549427D26B2D004D7EB9 /* PKHUD in Frameworks */,
				68DCA02C27CB32F400B69D85 /* FirebaseAnalytics in Frameworks */,
				68DCA02E27CB32F400B69D85 /* FirebaseAuth in Frameworks */,
				68DCA03627CB32F400B69D85 /* FirebaseMessaging in Frameworks */,
				68DE549A27D37DC4004D7EB9 /* SwiftyJSON in Frameworks */,
				68DCA03027CB32F400B69D85 /* FirebaseDatabase in Frameworks */,
				68DCA03427CB32F400B69D85 /* FirebaseFunctions in Frameworks */,
				68DCA03827CB32F400B69D85 /* FirebaseStorage in Frameworks */,
				68DE549727D368DB004D7EB9 /* AlamofireImage in Frameworks */,
				68DCA03227CB32F400B69D85 /* FirebaseFirestore in Frameworks */,
				E48CA53F7B433CE897B663A8 /* Pods_chatbot.framework in Frameworks */,
			);
			runOnlyForDeploymentPostprocessing = 0;
		};
		68AB85CF27C6F8B60061E096 /* Frameworks */ = {
			isa = PBXFrameworksBuildPhase;
			buildActionMask = 2147483647;
			files = (
				D3662CD76CBFDFFDE11B259D /* Pods_chatbotTests.framework in Frameworks */,
			);
			runOnlyForDeploymentPostprocessing = 0;
		};
		68AB85D927C6F8B60061E096 /* Frameworks */ = {
			isa = PBXFrameworksBuildPhase;
			buildActionMask = 2147483647;
			files = (
				B8D1489AF84072EE87D6CDA3 /* Pods_chatbot_chatbotUITests.framework in Frameworks */,
			);
			runOnlyForDeploymentPostprocessing = 0;
		};
/* End PBXFrameworksBuildPhase section */

/* Begin PBXGroup section */
		087CDBE8BCAE9282F6EC7236 /* Frameworks */ = {
			isa = PBXGroup;
			children = (
				6E589C411785CA9F38E1D253 /* Pods_chatbot.framework */,
				15FBA3CEB2C1A28995D22A86 /* Pods_chatbot_chatbotUITests.framework */,
				52E540C68ECD350C8787AC1E /* Pods_chatbotTests.framework */,
			);
			name = Frameworks;
			sourceTree = "<group>";
		};
		18203C0330D8E717E4E37B3D /* Pods */ = {
			isa = PBXGroup;
			children = (
				2E28AF7D08B909EB7D20C327 /* Pods-chatbot.debug.xcconfig */,
				76BA40331FC738A3B63D5C20 /* Pods-chatbot.release.xcconfig */,
				C0F6AABC08BCABDE7379050B /* Pods-chatbot-chatbotUITests.debug.xcconfig */,
				9BBCEA1733F6DDD27BE71ACC /* Pods-chatbot-chatbotUITests.release.xcconfig */,
				FA41D918F9A1B9860C549B6F /* Pods-chatbotTests.debug.xcconfig */,
				2CD0987D2233BB616F072A1C /* Pods-chatbotTests.release.xcconfig */,
			);
			path = Pods;
			sourceTree = "<group>";
		};
		684DB84A27C906D600F9250D /* Extensions */ = {
			isa = PBXGroup;
			children = (
				684DB84B27C906F100F9250D /* String_Extension.swift */,
			);
			path = Extensions;
			sourceTree = "<group>";
		};
		68AB85B927C6F8B40061E096 = {
			isa = PBXGroup;
			children = (
				68AB85C427C6F8B40061E096 /* chatbot */,
				68AB85D527C6F8B60061E096 /* chatbotTests */,
				68AB85DF27C6F8B60061E096 /* chatbotUITests */,
				68AB85C327C6F8B40061E096 /* Products */,
				18203C0330D8E717E4E37B3D /* Pods */,
				087CDBE8BCAE9282F6EC7236 /* Frameworks */,
			);
			sourceTree = "<group>";
		};
		68AB85C327C6F8B40061E096 /* Products */ = {
			isa = PBXGroup;
			children = (
				68AB85C227C6F8B40061E096 /* chatbot.app */,
				68AB85D227C6F8B60061E096 /* chatbotTests.xctest */,
				68AB85DC27C6F8B60061E096 /* chatbotUITests.xctest */,
			);
			name = Products;
			sourceTree = "<group>";
		};
		68AB85C427C6F8B40061E096 /* chatbot */ = {
			isa = PBXGroup;
			children = (
				684DB84A27C906D600F9250D /* Extensions */,
				68B303CC27C89144007E080D /* Secret */,
				68AB860F27C7A2A30061E096 /* ViewModel */,
				68AB860E27C7A2640061E096 /* CellView */,
				68AB860D27C79CB80061E096 /* Model */,
				68AB860A27C79C2E0061E096 /* View */,
				68AB860127C760560061E096 /* CsvData */,
				68AB85C527C6F8B40061E096 /* chatbotApp.swift */,
				68AB85FB27C71EF00061E096 /* ImagePickerView.swift */,
				68DCA02827CB326D00B69D85 /* GoogleService-Info.plist */,
				68AB85C927C6F8B60061E096 /* Assets.xcassets */,
				68AB85CB27C6F8B60061E096 /* Preview Content */,
			);
			path = chatbot;
			sourceTree = "<group>";
		};
		68AB85CB27C6F8B60061E096 /* Preview Content */ = {
			isa = PBXGroup;
			children = (
				68AB85CC27C6F8B60061E096 /* Preview Assets.xcassets */,
			);
			path = "Preview Content";
			sourceTree = "<group>";
		};
		68AB85D527C6F8B60061E096 /* chatbotTests */ = {
			isa = PBXGroup;
			children = (
				68AB85D627C6F8B60061E096 /* chatbotTests.swift */,
			);
			path = chatbotTests;
			sourceTree = "<group>";
		};
		68AB85DF27C6F8B60061E096 /* chatbotUITests */ = {
			isa = PBXGroup;
			children = (
				68AB85E027C6F8B60061E096 /* chatbotUITests.swift */,
				68AB85E227C6F8B60061E096 /* chatbotUITestsLaunchTests.swift */,
			);
			path = chatbotUITests;
			sourceTree = "<group>";
		};
		68AB860127C760560061E096 /* CsvData */ = {
			isa = PBXGroup;
			children = (
				68AB860427C760740061E096 /* movies.csv */,
				68AB860227C760670061E096 /* ratings.csv */,
			);
			path = CsvData;
			sourceTree = "<group>";
		};
		68AB860A27C79C2E0061E096 /* View */ = {
			isa = PBXGroup;
			children = (
				68AB85F927C71A5F0061E096 /* SignUpVIew.swift */,
				68AB85FD27C740E60061E096 /* LoginView.swift */,
				68B303D327C8E857007E080D /* HomeView.swift */,
				68AB85C727C6F8B40061E096 /* ContentView.swift */,
				68AB85F527C705090061E096 /* SideMenuView.swift */,
				68AB85F127C6FEC80061E096 /* SettingView.swift */,
				68AB85FF27C74B210061E096 /* TempSignUpView.swift */,
				684DB84D27C91A1500F9250D /* PostView.swift */,
				684DB85127C9FD2500F9250D /* AddPostView.swift */,
				68DCA03B27CB85D900B69D85 /* ReviewView.swift */,
			);
			path = View;
			sourceTree = "<group>";
		};
		68AB860D27C79CB80061E096 /* Model */ = {
			isa = PBXGroup;
			children = (
				68AB860B27C79C950061E096 /* DataModel.swift */,
			);
			path = Model;
			sourceTree = "<group>";
		};
		68AB860E27C7A2640061E096 /* CellView */ = {
			isa = PBXGroup;
			children = (
				68AB860827C795FC0061E096 /* ChatCellView.swift */,
				68B303CF27C8D2DD007E080D /* SelfCellView.swift */,
				68B303D127C8D7A7007E080D /* BotCellView.swift */,
				684DB84F27C9ACB900F9250D /* PostCellView.swift */,
				684DB85327CAE3FF00F9250D /* ChildChatCellView.swift */,
				684DB85527CAEFC000F9250D /* ChildAnswerCellView.swift */,
				68DCA03927CB6E5100B69D85 /* ChildEvalCellView.swift */,
			);
			path = CellView;
			sourceTree = "<group>";
		};
		68AB860F27C7A2A30061E096 /* ViewModel */ = {
			isa = PBXGroup;
			children = (
				68AB860627C761580061E096 /* MovieViewModel.swift */,
				68AB861027C84A3F0061E096 /* AuthViewModel.swift */,
			);
			path = ViewModel;
			sourceTree = "<group>";
		};
		68B303CC27C89144007E080D /* Secret */ = {
			isa = PBXGroup;
			children = (
				68B303CD27C8946D007E080D /* Apikey.swift */,
			);
			path = Secret;
			sourceTree = "<group>";
		};
/* End PBXGroup section */

/* Begin PBXNativeTarget section */
		68AB85C127C6F8B40061E096 /* chatbot */ = {
			isa = PBXNativeTarget;
			buildConfigurationList = 68AB85E627C6F8B60061E096 /* Build configuration list for PBXNativeTarget "chatbot" */;
			buildPhases = (
				E5D7AE735C5BF71F79F3787F /* [CP] Check Pods Manifest.lock */,
				68AB85BE27C6F8B40061E096 /* Sources */,
				68AB85BF27C6F8B40061E096 /* Frameworks */,
				68AB85C027C6F8B40061E096 /* Resources */,
				2DD343C46837332E7A9F1D8E /* [CP] Embed Pods Frameworks */,
			);
			buildRules = (
			);
			dependencies = (
			);
			name = chatbot;
			packageProductDependencies = (
				68DCA02B27CB32F400B69D85 /* FirebaseAnalytics */,
				68DCA02D27CB32F400B69D85 /* FirebaseAuth */,
				68DCA02F27CB32F400B69D85 /* FirebaseDatabase */,
				68DCA03127CB32F400B69D85 /* FirebaseFirestore */,
				68DCA03327CB32F400B69D85 /* FirebaseFunctions */,
				68DCA03527CB32F400B69D85 /* FirebaseMessaging */,
				68DCA03727CB32F400B69D85 /* FirebaseStorage */,
				68DE549327D26B2D004D7EB9 /* PKHUD */,
				68DE549627D368DB004D7EB9 /* AlamofireImage */,
				68DE549927D37DC4004D7EB9 /* SwiftyJSON */,
			);
			productName = chatbot;
			productReference = 68AB85C227C6F8B40061E096 /* chatbot.app */;
			productType = "com.apple.product-type.application";
		};
		68AB85D127C6F8B60061E096 /* chatbotTests */ = {
			isa = PBXNativeTarget;
			buildConfigurationList = 68AB85E927C6F8B60061E096 /* Build configuration list for PBXNativeTarget "chatbotTests" */;
			buildPhases = (
				65C81C58C188DB3D32EF7DF2 /* [CP] Check Pods Manifest.lock */,
				68AB85CE27C6F8B60061E096 /* Sources */,
				68AB85CF27C6F8B60061E096 /* Frameworks */,
				68AB85D027C6F8B60061E096 /* Resources */,
			);
			buildRules = (
			);
			dependencies = (
				68AB85D427C6F8B60061E096 /* PBXTargetDependency */,
			);
			name = chatbotTests;
			productName = chatbotTests;
			productReference = 68AB85D227C6F8B60061E096 /* chatbotTests.xctest */;
			productType = "com.apple.product-type.bundle.unit-test";
		};
		68AB85DB27C6F8B60061E096 /* chatbotUITests */ = {
			isa = PBXNativeTarget;
			buildConfigurationList = 68AB85EC27C6F8B60061E096 /* Build configuration list for PBXNativeTarget "chatbotUITests" */;
			buildPhases = (
				E65A53B44E6C591413FE31B1 /* [CP] Check Pods Manifest.lock */,
				68AB85D827C6F8B60061E096 /* Sources */,
				68AB85D927C6F8B60061E096 /* Frameworks */,
				68AB85DA27C6F8B60061E096 /* Resources */,
				C38435186781F5BFFD97E475 /* [CP] Embed Pods Frameworks */,
			);
			buildRules = (
			);
			dependencies = (
				68AB85DE27C6F8B60061E096 /* PBXTargetDependency */,
			);
			name = chatbotUITests;
			productName = chatbotUITests;
			productReference = 68AB85DC27C6F8B60061E096 /* chatbotUITests.xctest */;
			productType = "com.apple.product-type.bundle.ui-testing";
		};
/* End PBXNativeTarget section */

/* Begin PBXProject section */
		68AB85BA27C6F8B40061E096 /* Project object */ = {
			isa = PBXProject;
			attributes = {
				BuildIndependentTargetsInParallel = 1;
				LastSwiftUpdateCheck = 1320;
				LastUpgradeCheck = 1320;
				TargetAttributes = {
					68AB85C127C6F8B40061E096 = {
						CreatedOnToolsVersion = 13.2.1;
					};
					68AB85D127C6F8B60061E096 = {
						CreatedOnToolsVersion = 13.2.1;
						TestTargetID = 68AB85C127C6F8B40061E096;
					};
					68AB85DB27C6F8B60061E096 = {
						CreatedOnToolsVersion = 13.2.1;
						TestTargetID = 68AB85C127C6F8B40061E096;
					};
				};
			};
			buildConfigurationList = 68AB85BD27C6F8B40061E096 /* Build configuration list for PBXProject "chatbot" */;
			compatibilityVersion = "Xcode 13.0";
			developmentRegion = en;
			hasScannedForEncodings = 0;
			knownRegions = (
				en,
				Base,
			);
			mainGroup = 68AB85B927C6F8B40061E096;
			packageReferences = (
				68DCA02A27CB32F400B69D85 /* XCRemoteSwiftPackageReference "firebase-ios-sdk" */,
				68DE549227D26B2D004D7EB9 /* XCRemoteSwiftPackageReference "PKHUD" */,
				68DE549527D368DB004D7EB9 /* XCRemoteSwiftPackageReference "AlamofireImage" */,
				68DE549827D37DC4004D7EB9 /* XCRemoteSwiftPackageReference "SwiftyJSON" */,
			);
			productRefGroup = 68AB85C327C6F8B40061E096 /* Products */;
			projectDirPath = "";
			projectRoot = "";
			targets = (
				68AB85C127C6F8B40061E096 /* chatbot */,
				68AB85D127C6F8B60061E096 /* chatbotTests */,
				68AB85DB27C6F8B60061E096 /* chatbotUITests */,
			);
		};
/* End PBXProject section */

/* Begin PBXResourcesBuildPhase section */
		68AB85C027C6F8B40061E096 /* Resources */ = {
			isa = PBXResourcesBuildPhase;
			buildActionMask = 2147483647;
			files = (
				68AB85CD27C6F8B60061E096 /* Preview Assets.xcassets in Resources */,
				68AB860527C760740061E096 /* movies.csv in Resources */,
				68DCA02927CB326E00B69D85 /* GoogleService-Info.plist in Resources */,
				68AB860327C760670061E096 /* ratings.csv in Resources */,
				68AB85CA27C6F8B60061E096 /* Assets.xcassets in Resources */,
			);
			runOnlyForDeploymentPostprocessing = 0;
		};
		68AB85D027C6F8B60061E096 /* Resources */ = {
			isa = PBXResourcesBuildPhase;
			buildActionMask = 2147483647;
			files = (
			);
			runOnlyForDeploymentPostprocessing = 0;
		};
		68AB85DA27C6F8B60061E096 /* Resources */ = {
			isa = PBXResourcesBuildPhase;
			buildActionMask = 2147483647;
			files = (
			);
			runOnlyForDeploymentPostprocessing = 0;
		};
/* End PBXResourcesBuildPhase section */

/* Begin PBXShellScriptBuildPhase section */
		2DD343C46837332E7A9F1D8E /* [CP] Embed Pods Frameworks */ = {
			isa = PBXShellScriptBuildPhase;
			buildActionMask = 2147483647;
			files = (
			);
			inputFileListPaths = (
				"${PODS_ROOT}/Target Support Files/Pods-chatbot/Pods-chatbot-frameworks-${CONFIGURATION}-input-files.xcfilelist",
			);
			name = "[CP] Embed Pods Frameworks";
			outputFileListPaths = (
				"${PODS_ROOT}/Target Support Files/Pods-chatbot/Pods-chatbot-frameworks-${CONFIGURATION}-output-files.xcfilelist",
			);
			runOnlyForDeploymentPostprocessing = 0;
			shellPath = /bin/sh;
			shellScript = "\"${PODS_ROOT}/Target Support Files/Pods-chatbot/Pods-chatbot-frameworks.sh\"\n";
			showEnvVarsInLog = 0;
		};
		65C81C58C188DB3D32EF7DF2 /* [CP] Check Pods Manifest.lock */ = {
			isa = PBXShellScriptBuildPhase;
			buildActionMask = 2147483647;
			files = (
			);
			inputFileListPaths = (
			);
			inputPaths = (
				"${PODS_PODFILE_DIR_PATH}/Podfile.lock",
				"${PODS_ROOT}/Manifest.lock",
			);
			name = "[CP] Check Pods Manifest.lock";
			outputFileListPaths = (
			);
			outputPaths = (
				"$(DERIVED_FILE_DIR)/Pods-chatbotTests-checkManifestLockResult.txt",
			);
			runOnlyForDeploymentPostprocessing = 0;
			shellPath = /bin/sh;
			shellScript = "diff \"${PODS_PODFILE_DIR_PATH}/Podfile.lock\" \"${PODS_ROOT}/Manifest.lock\" > /dev/null\nif [ $? != 0 ] ; then\n    # print error to STDERR\n    echo \"error: The sandbox is not in sync with the Podfile.lock. Run 'pod install' or update your CocoaPods installation.\" >&2\n    exit 1\nfi\n# This output is used by Xcode 'outputs' to avoid re-running this script phase.\necho \"SUCCESS\" > \"${SCRIPT_OUTPUT_FILE_0}\"\n";
			showEnvVarsInLog = 0;
		};
		C38435186781F5BFFD97E475 /* [CP] Embed Pods Frameworks */ = {
			isa = PBXShellScriptBuildPhase;
			buildActionMask = 2147483647;
			files = (
			);
			inputFileListPaths = (
				"${PODS_ROOT}/Target Support Files/Pods-chatbot-chatbotUITests/Pods-chatbot-chatbotUITests-frameworks-${CONFIGURATION}-input-files.xcfilelist",
			);
			name = "[CP] Embed Pods Frameworks";
			outputFileListPaths = (
				"${PODS_ROOT}/Target Support Files/Pods-chatbot-chatbotUITests/Pods-chatbot-chatbotUITests-frameworks-${CONFIGURATION}-output-files.xcfilelist",
			);
			runOnlyForDeploymentPostprocessing = 0;
			shellPath = /bin/sh;
			shellScript = "\"${PODS_ROOT}/Target Support Files/Pods-chatbot-chatbotUITests/Pods-chatbot-chatbotUITests-frameworks.sh\"\n";
			showEnvVarsInLog = 0;
		};
		E5D7AE735C5BF71F79F3787F /* [CP] Check Pods Manifest.lock */ = {
			isa = PBXShellScriptBuildPhase;
			buildActionMask = 2147483647;
			files = (
			);
			inputFileListPaths = (
			);
			inputPaths = (
				"${PODS_PODFILE_DIR_PATH}/Podfile.lock",
				"${PODS_ROOT}/Manifest.lock",
			);
			name = "[CP] Check Pods Manifest.lock";
			outputFileListPaths = (
			);
			outputPaths = (
				"$(DERIVED_FILE_DIR)/Pods-chatbot-checkManifestLockResult.txt",
			);
			runOnlyForDeploymentPostprocessing = 0;
			shellPath = /bin/sh;
			shellScript = "diff \"${PODS_PODFILE_DIR_PATH}/Podfile.lock\" \"${PODS_ROOT}/Manifest.lock\" > /dev/null\nif [ $? != 0 ] ; then\n    # print error to STDERR\n    echo \"error: The sandbox is not in sync with the Podfile.lock. Run 'pod install' or update your CocoaPods installation.\" >&2\n    exit 1\nfi\n# This output is used by Xcode 'outputs' to avoid re-running this script phase.\necho \"SUCCESS\" > \"${SCRIPT_OUTPUT_FILE_0}\"\n";
			showEnvVarsInLog = 0;
		};
		E65A53B44E6C591413FE31B1 /* [CP] Check Pods Manifest.lock */ = {
			isa = PBXShellScriptBuildPhase;
			buildActionMask = 2147483647;
			files = (
			);
			inputFileListPaths = (
			);
			inputPaths = (
				"${PODS_PODFILE_DIR_PATH}/Podfile.lock",
				"${PODS_ROOT}/Manifest.lock",
			);
			name = "[CP] Check Pods Manifest.lock";
			outputFileListPaths = (
			);
			outputPaths = (
				"$(DERIVED_FILE_DIR)/Pods-chatbot-chatbotUITests-checkManifestLockResult.txt",
			);
			runOnlyForDeploymentPostprocessing = 0;
			shellPath = /bin/sh;
			shellScript = "diff \"${PODS_PODFILE_DIR_PATH}/Podfile.lock\" \"${PODS_ROOT}/Manifest.lock\" > /dev/null\nif [ $? != 0 ] ; then\n    # print error to STDERR\n    echo \"error: The sandbox is not in sync with the Podfile.lock. Run 'pod install' or update your CocoaPods installation.\" >&2\n    exit 1\nfi\n# This output is used by Xcode 'outputs' to avoid re-running this script phase.\necho \"SUCCESS\" > \"${SCRIPT_OUTPUT_FILE_0}\"\n";
			showEnvVarsInLog = 0;
		};
/* End PBXShellScriptBuildPhase section */

/* Begin PBXSourcesBuildPhase section */
		68AB85BE27C6F8B40061E096 /* Sources */ = {
			isa = PBXSourcesBuildPhase;
			buildActionMask = 2147483647;
			files = (
				68AB85F227C6FEC80061E096 /* SettingView.swift in Sources */,
				684DB84C27C906F100F9250D /* String_Extension.swift in Sources */,
				68AB85FE27C740E60061E096 /* LoginView.swift in Sources */,
				684DB85627CAEFC000F9250D /* ChildAnswerCellView.swift in Sources */,
				68AB85C827C6F8B40061E096 /* ContentView.swift in Sources */,
				68AB85F627C705090061E096 /* SideMenuView.swift in Sources */,
				68B303D027C8D2DD007E080D /* SelfCellView.swift in Sources */,
				68AB85C627C6F8B40061E096 /* chatbotApp.swift in Sources */,
				68AB860727C761580061E096 /* MovieViewModel.swift in Sources */,
				68AB85FC27C71EF00061E096 /* ImagePickerView.swift in Sources */,
				68AB860027C74B210061E096 /* TempSignUpView.swift in Sources */,
				68AB861127C84A3F0061E096 /* AuthViewModel.swift in Sources */,
				684DB85427CAE3FF00F9250D /* ChildChatCellView.swift in Sources */,
				68B303CE27C8946D007E080D /* Apikey.swift in Sources */,
				68AB860C27C79C950061E096 /* DataModel.swift in Sources */,
				68AB860927C795FC0061E096 /* ChatCellView.swift in Sources */,
				68DCA03C27CB85D900B69D85 /* ReviewView.swift in Sources */,
				684DB85227C9FD2500F9250D /* AddPostView.swift in Sources */,
				68B303D427C8E857007E080D /* HomeView.swift in Sources */,
				68B303D227C8D7A7007E080D /* BotCellView.swift in Sources */,
				684DB84E27C91A1500F9250D /* PostView.swift in Sources */,
				68DCA03A27CB6E5100B69D85 /* ChildEvalCellView.swift in Sources */,
				684DB85027C9ACB900F9250D /* PostCellView.swift in Sources */,
				68AB85FA27C71A5F0061E096 /* SignUpVIew.swift in Sources */,
			);
			runOnlyForDeploymentPostprocessing = 0;
		};
		68AB85CE27C6F8B60061E096 /* Sources */ = {
			isa = PBXSourcesBuildPhase;
			buildActionMask = 2147483647;
			files = (
				68AB85D727C6F8B60061E096 /* chatbotTests.swift in Sources */,
			);
			runOnlyForDeploymentPostprocessing = 0;
		};
		68AB85D827C6F8B60061E096 /* Sources */ = {
			isa = PBXSourcesBuildPhase;
			buildActionMask = 2147483647;
			files = (
				68AB85E327C6F8B60061E096 /* chatbotUITestsLaunchTests.swift in Sources */,
				68AB85E127C6F8B60061E096 /* chatbotUITests.swift in Sources */,
			);
			runOnlyForDeploymentPostprocessing = 0;
		};
/* End PBXSourcesBuildPhase section */

/* Begin PBXTargetDependency section */
		68AB85D427C6F8B60061E096 /* PBXTargetDependency */ = {
			isa = PBXTargetDependency;
			target = 68AB85C127C6F8B40061E096 /* chatbot */;
			targetProxy = 68AB85D327C6F8B60061E096 /* PBXContainerItemProxy */;
		};
		68AB85DE27C6F8B60061E096 /* PBXTargetDependency */ = {
			isa = PBXTargetDependency;
			target = 68AB85C127C6F8B40061E096 /* chatbot */;
			targetProxy = 68AB85DD27C6F8B60061E096 /* PBXContainerItemProxy */;
		};
/* End PBXTargetDependency section */

/* Begin XCBuildConfiguration section */
		68AB85E427C6F8B60061E096 /* Debug */ = {
			isa = XCBuildConfiguration;
			buildSettings = {
				ALWAYS_SEARCH_USER_PATHS = NO;
				CLANG_ANALYZER_NONNULL = YES;
				CLANG_ANALYZER_NUMBER_OBJECT_CONVERSION = YES_AGGRESSIVE;
				CLANG_CXX_LANGUAGE_STANDARD = "gnu++17";
				CLANG_CXX_LIBRARY = "libc++";
				CLANG_ENABLE_MODULES = YES;
				CLANG_ENABLE_OBJC_ARC = YES;
				CLANG_ENABLE_OBJC_WEAK = YES;
				CLANG_WARN_BLOCK_CAPTURE_AUTORELEASING = YES;
				CLANG_WARN_BOOL_CONVERSION = YES;
				CLANG_WARN_COMMA = YES;
				CLANG_WARN_CONSTANT_CONVERSION = YES;
				CLANG_WARN_DEPRECATED_OBJC_IMPLEMENTATIONS = YES;
				CLANG_WARN_DIRECT_OBJC_ISA_USAGE = YES_ERROR;
				CLANG_WARN_DOCUMENTATION_COMMENTS = YES;
				CLANG_WARN_EMPTY_BODY = YES;
				CLANG_WARN_ENUM_CONVERSION = YES;
				CLANG_WARN_INFINITE_RECURSION = YES;
				CLANG_WARN_INT_CONVERSION = YES;
				CLANG_WARN_NON_LITERAL_NULL_CONVERSION = YES;
				CLANG_WARN_OBJC_IMPLICIT_RETAIN_SELF = YES;
				CLANG_WARN_OBJC_LITERAL_CONVERSION = YES;
				CLANG_WARN_OBJC_ROOT_CLASS = YES_ERROR;
				CLANG_WARN_QUOTED_INCLUDE_IN_FRAMEWORK_HEADER = YES;
				CLANG_WARN_RANGE_LOOP_ANALYSIS = YES;
				CLANG_WARN_STRICT_PROTOTYPES = YES;
				CLANG_WARN_SUSPICIOUS_MOVE = YES;
				CLANG_WARN_UNGUARDED_AVAILABILITY = YES_AGGRESSIVE;
				CLANG_WARN_UNREACHABLE_CODE = YES;
				CLANG_WARN__DUPLICATE_METHOD_MATCH = YES;
				COPY_PHASE_STRIP = NO;
				DEBUG_INFORMATION_FORMAT = dwarf;
				ENABLE_STRICT_OBJC_MSGSEND = YES;
				ENABLE_TESTABILITY = YES;
				GCC_C_LANGUAGE_STANDARD = gnu11;
				GCC_DYNAMIC_NO_PIC = NO;
				GCC_NO_COMMON_BLOCKS = YES;
				GCC_OPTIMIZATION_LEVEL = 0;
				GCC_PREPROCESSOR_DEFINITIONS = (
					"DEBUG=1",
					"$(inherited)",
				);
				GCC_WARN_64_TO_32_BIT_CONVERSION = YES;
				GCC_WARN_ABOUT_RETURN_TYPE = YES_ERROR;
				GCC_WARN_UNDECLARED_SELECTOR = YES;
				GCC_WARN_UNINITIALIZED_AUTOS = YES_AGGRESSIVE;
				GCC_WARN_UNUSED_FUNCTION = YES;
				GCC_WARN_UNUSED_VARIABLE = YES;
				IPHONEOS_DEPLOYMENT_TARGET = 15.2;
				MTL_ENABLE_DEBUG_INFO = INCLUDE_SOURCE;
				MTL_FAST_MATH = YES;
				ONLY_ACTIVE_ARCH = YES;
				SDKROOT = iphoneos;
				SWIFT_ACTIVE_COMPILATION_CONDITIONS = DEBUG;
				SWIFT_OPTIMIZATION_LEVEL = "-Onone";
			};
			name = Debug;
		};
		68AB85E527C6F8B60061E096 /* Release */ = {
			isa = XCBuildConfiguration;
			buildSettings = {
				ALWAYS_SEARCH_USER_PATHS = NO;
				CLANG_ANALYZER_NONNULL = YES;
				CLANG_ANALYZER_NUMBER_OBJECT_CONVERSION = YES_AGGRESSIVE;
				CLANG_CXX_LANGUAGE_STANDARD = "gnu++17";
				CLANG_CXX_LIBRARY = "libc++";
				CLANG_ENABLE_MODULES = YES;
				CLANG_ENABLE_OBJC_ARC = YES;
				CLANG_ENABLE_OBJC_WEAK = YES;
				CLANG_WARN_BLOCK_CAPTURE_AUTORELEASING = YES;
				CLANG_WARN_BOOL_CONVERSION = YES;
				CLANG_WARN_COMMA = YES;
				CLANG_WARN_CONSTANT_CONVERSION = YES;
				CLANG_WARN_DEPRECATED_OBJC_IMPLEMENTATIONS = YES;
				CLANG_WARN_DIRECT_OBJC_ISA_USAGE = YES_ERROR;
				CLANG_WARN_DOCUMENTATION_COMMENTS = YES;
				CLANG_WARN_EMPTY_BODY = YES;
				CLANG_WARN_ENUM_CONVERSION = YES;
				CLANG_WARN_INFINITE_RECURSION = YES;
				CLANG_WARN_INT_CONVERSION = YES;
				CLANG_WARN_NON_LITERAL_NULL_CONVERSION = YES;
				CLANG_WARN_OBJC_IMPLICIT_RETAIN_SELF = YES;
				CLANG_WARN_OBJC_LITERAL_CONVERSION = YES;
				CLANG_WARN_OBJC_ROOT_CLASS = YES_ERROR;
				CLANG_WARN_QUOTED_INCLUDE_IN_FRAMEWORK_HEADER = YES;
				CLANG_WARN_RANGE_LOOP_ANALYSIS = YES;
				CLANG_WARN_STRICT_PROTOTYPES = YES;
				CLANG_WARN_SUSPICIOUS_MOVE = YES;
				CLANG_WARN_UNGUARDED_AVAILABILITY = YES_AGGRESSIVE;
				CLANG_WARN_UNREACHABLE_CODE = YES;
				CLANG_WARN__DUPLICATE_METHOD_MATCH = YES;
				COPY_PHASE_STRIP = NO;
				DEBUG_INFORMATION_FORMAT = "dwarf-with-dsym";
				ENABLE_NS_ASSERTIONS = NO;
				ENABLE_STRICT_OBJC_MSGSEND = YES;
				GCC_C_LANGUAGE_STANDARD = gnu11;
				GCC_NO_COMMON_BLOCKS = YES;
				GCC_WARN_64_TO_32_BIT_CONVERSION = YES;
				GCC_WARN_ABOUT_RETURN_TYPE = YES_ERROR;
				GCC_WARN_UNDECLARED_SELECTOR = YES;
				GCC_WARN_UNINITIALIZED_AUTOS = YES_AGGRESSIVE;
				GCC_WARN_UNUSED_FUNCTION = YES;
				GCC_WARN_UNUSED_VARIABLE = YES;
				IPHONEOS_DEPLOYMENT_TARGET = 15.2;
				MTL_ENABLE_DEBUG_INFO = NO;
				MTL_FAST_MATH = YES;
				SDKROOT = iphoneos;
				SWIFT_COMPILATION_MODE = wholemodule;
				SWIFT_OPTIMIZATION_LEVEL = "-O";
				VALIDATE_PRODUCT = YES;
			};
			name = Release;
		};
		68AB85E727C6F8B60061E096 /* Debug */ = {
			isa = XCBuildConfiguration;
			baseConfigurationReference = 2E28AF7D08B909EB7D20C327 /* Pods-chatbot.debug.xcconfig */;
			buildSettings = {
				ASSETCATALOG_COMPILER_APPICON_NAME = AppIcon;
				ASSETCATALOG_COMPILER_GLOBAL_ACCENT_COLOR_NAME = AccentColor;
				CODE_SIGN_STYLE = Automatic;
				CURRENT_PROJECT_VERSION = 1;
				DEVELOPMENT_ASSET_PATHS = "\"chatbot/Preview Content\"";
				DEVELOPMENT_TEAM = 2FZRK6M67D;
				ENABLE_PREVIEWS = YES;
				GENERATE_INFOPLIST_FILE = YES;
				INFOPLIST_KEY_UIApplicationSceneManifest_Generation = YES;
				INFOPLIST_KEY_UIApplicationSupportsIndirectInputEvents = YES;
				INFOPLIST_KEY_UILaunchScreen_Generation = YES;
				INFOPLIST_KEY_UISupportedInterfaceOrientations_iPad = "UIInterfaceOrientationPortrait UIInterfaceOrientationPortraitUpsideDown UIInterfaceOrientationLandscapeLeft UIInterfaceOrientationLandscapeRight";
				INFOPLIST_KEY_UISupportedInterfaceOrientations_iPhone = "UIInterfaceOrientationPortrait UIInterfaceOrientationLandscapeLeft UIInterfaceOrientationLandscapeRight";
				LD_RUNPATH_SEARCH_PATHS = (
					"$(inherited)",
					"@executable_path/Frameworks",
				);
				MARKETING_VERSION = 1.0;
				PRODUCT_BUNDLE_IDENTIFIER = com.icloud.tktaaa1124.chatbot;
				PRODUCT_NAME = "$(TARGET_NAME)";
				SWIFT_EMIT_LOC_STRINGS = YES;
				SWIFT_VERSION = 5.0;
				TARGETED_DEVICE_FAMILY = "1,2";
			};
			name = Debug;
		};
		68AB85E827C6F8B60061E096 /* Release */ = {
			isa = XCBuildConfiguration;
			baseConfigurationReference = 76BA40331FC738A3B63D5C20 /* Pods-chatbot.release.xcconfig */;
			buildSettings = {
				ASSETCATALOG_COMPILER_APPICON_NAME = AppIcon;
				ASSETCATALOG_COMPILER_GLOBAL_ACCENT_COLOR_NAME = AccentColor;
				CODE_SIGN_STYLE = Automatic;
				CURRENT_PROJECT_VERSION = 1;
				DEVELOPMENT_ASSET_PATHS = "\"chatbot/Preview Content\"";
				DEVELOPMENT_TEAM = 2FZRK6M67D;
				ENABLE_PREVIEWS = YES;
				GENERATE_INFOPLIST_FILE = YES;
				INFOPLIST_KEY_UIApplicationSceneManifest_Generation = YES;
				INFOPLIST_KEY_UIApplicationSupportsIndirectInputEvents = YES;
				INFOPLIST_KEY_UILaunchScreen_Generation = YES;
				INFOPLIST_KEY_UISupportedInterfaceOrientations_iPad = "UIInterfaceOrientationPortrait UIInterfaceOrientationPortraitUpsideDown UIInterfaceOrientationLandscapeLeft UIInterfaceOrientationLandscapeRight";
				INFOPLIST_KEY_UISupportedInterfaceOrientations_iPhone = "UIInterfaceOrientationPortrait UIInterfaceOrientationLandscapeLeft UIInterfaceOrientationLandscapeRight";
				LD_RUNPATH_SEARCH_PATHS = (
					"$(inherited)",
					"@executable_path/Frameworks",
				);
				MARKETING_VERSION = 1.0;
				PRODUCT_BUNDLE_IDENTIFIER = com.icloud.tktaaa1124.chatbot;
				PRODUCT_NAME = "$(TARGET_NAME)";
				SWIFT_EMIT_LOC_STRINGS = YES;
				SWIFT_VERSION = 5.0;
				TARGETED_DEVICE_FAMILY = "1,2";
			};
			name = Release;
		};
		68AB85EA27C6F8B60061E096 /* Debug */ = {
			isa = XCBuildConfiguration;
			baseConfigurationReference = FA41D918F9A1B9860C549B6F /* Pods-chatbotTests.debug.xcconfig */;
			buildSettings = {
				ALWAYS_EMBED_SWIFT_STANDARD_LIBRARIES = YES;
				BUNDLE_LOADER = "$(TEST_HOST)";
				CODE_SIGN_STYLE = Automatic;
				CURRENT_PROJECT_VERSION = 1;
				DEVELOPMENT_TEAM = 2FZRK6M67D;
				GENERATE_INFOPLIST_FILE = YES;
				IPHONEOS_DEPLOYMENT_TARGET = 15.2;
				MARKETING_VERSION = 1.0;
				PRODUCT_BUNDLE_IDENTIFIER = com.icloud.tktaaa1124.chatbotTests;
				PRODUCT_NAME = "$(TARGET_NAME)";
				SWIFT_EMIT_LOC_STRINGS = NO;
				SWIFT_VERSION = 5.0;
				TARGETED_DEVICE_FAMILY = "1,2";
				TEST_HOST = "$(BUILT_PRODUCTS_DIR)/chatbot.app/chatbot";
			};
			name = Debug;
		};
		68AB85EB27C6F8B60061E096 /* Release */ = {
			isa = XCBuildConfiguration;
			baseConfigurationReference = 2CD0987D2233BB616F072A1C /* Pods-chatbotTests.release.xcconfig */;
			buildSettings = {
				ALWAYS_EMBED_SWIFT_STANDARD_LIBRARIES = YES;
				BUNDLE_LOADER = "$(TEST_HOST)";
				CODE_SIGN_STYLE = Automatic;
				CURRENT_PROJECT_VERSION = 1;
				DEVELOPMENT_TEAM = 2FZRK6M67D;
				GENERATE_INFOPLIST_FILE = YES;
				IPHONEOS_DEPLOYMENT_TARGET = 15.2;
				MARKETING_VERSION = 1.0;
				PRODUCT_BUNDLE_IDENTIFIER = com.icloud.tktaaa1124.chatbotTests;
				PRODUCT_NAME = "$(TARGET_NAME)";
				SWIFT_EMIT_LOC_STRINGS = NO;
				SWIFT_VERSION = 5.0;
				TARGETED_DEVICE_FAMILY = "1,2";
				TEST_HOST = "$(BUILT_PRODUCTS_DIR)/chatbot.app/chatbot";
			};
			name = Release;
		};
		68AB85ED27C6F8B60061E096 /* Debug */ = {
			isa = XCBuildConfiguration;
			baseConfigurationReference = C0F6AABC08BCABDE7379050B /* Pods-chatbot-chatbotUITests.debug.xcconfig */;
			buildSettings = {
				ALWAYS_EMBED_SWIFT_STANDARD_LIBRARIES = YES;
				CODE_SIGN_STYLE = Automatic;
				CURRENT_PROJECT_VERSION = 1;
				DEVELOPMENT_TEAM = 2FZRK6M67D;
				GENERATE_INFOPLIST_FILE = YES;
				MARKETING_VERSION = 1.0;
				PRODUCT_BUNDLE_IDENTIFIER = com.icloud.tktaaa1124.chatbotUITests;
				PRODUCT_NAME = "$(TARGET_NAME)";
				SWIFT_EMIT_LOC_STRINGS = NO;
				SWIFT_VERSION = 5.0;
				TARGETED_DEVICE_FAMILY = "1,2";
				TEST_TARGET_NAME = chatbot;
			};
			name = Debug;
		};
		68AB85EE27C6F8B60061E096 /* Release */ = {
			isa = XCBuildConfiguration;
			baseConfigurationReference = 9BBCEA1733F6DDD27BE71ACC /* Pods-chatbot-chatbotUITests.release.xcconfig */;
			buildSettings = {
				ALWAYS_EMBED_SWIFT_STANDARD_LIBRARIES = YES;
				CODE_SIGN_STYLE = Automatic;
				CURRENT_PROJECT_VERSION = 1;
				DEVELOPMENT_TEAM = 2FZRK6M67D;
				GENERATE_INFOPLIST_FILE = YES;
				MARKETING_VERSION = 1.0;
				PRODUCT_BUNDLE_IDENTIFIER = com.icloud.tktaaa1124.chatbotUITests;
				PRODUCT_NAME = "$(TARGET_NAME)";
				SWIFT_EMIT_LOC_STRINGS = NO;
				SWIFT_VERSION = 5.0;
				TARGETED_DEVICE_FAMILY = "1,2";
				TEST_TARGET_NAME = chatbot;
			};
			name = Release;
		};
/* End XCBuildConfiguration section */

/* Begin XCConfigurationList section */
		68AB85BD27C6F8B40061E096 /* Build configuration list for PBXProject "chatbot" */ = {
			isa = XCConfigurationList;
			buildConfigurations = (
				68AB85E427C6F8B60061E096 /* Debug */,
				68AB85E527C6F8B60061E096 /* Release */,
			);
			defaultConfigurationIsVisible = 0;
			defaultConfigurationName = Release;
		};
		68AB85E627C6F8B60061E096 /* Build configuration list for PBXNativeTarget "chatbot" */ = {
			isa = XCConfigurationList;
			buildConfigurations = (
				68AB85E727C6F8B60061E096 /* Debug */,
				68AB85E827C6F8B60061E096 /* Release */,
			);
			defaultConfigurationIsVisible = 0;
			defaultConfigurationName = Release;
		};
		68AB85E927C6F8B60061E096 /* Build configuration list for PBXNativeTarget "chatbotTests" */ = {
			isa = XCConfigurationList;
			buildConfigurations = (
				68AB85EA27C6F8B60061E096 /* Debug */,
				68AB85EB27C6F8B60061E096 /* Release */,
			);
			defaultConfigurationIsVisible = 0;
			defaultConfigurationName = Release;
		};
		68AB85EC27C6F8B60061E096 /* Build configuration list for PBXNativeTarget "chatbotUITests" */ = {
			isa = XCConfigurationList;
			buildConfigurations = (
				68AB85ED27C6F8B60061E096 /* Debug */,
				68AB85EE27C6F8B60061E096 /* Release */,
			);
			defaultConfigurationIsVisible = 0;
			defaultConfigurationName = Release;
		};
/* End XCConfigurationList section */

/* Begin XCRemoteSwiftPackageReference section */
		68DCA02A27CB32F400B69D85 /* XCRemoteSwiftPackageReference "firebase-ios-sdk" */ = {
			isa = XCRemoteSwiftPackageReference;
			repositoryURL = "https://github.com/firebase/firebase-ios-sdk";
			requirement = {
				kind = exactVersion;
				version = 8.9.1;
			};
		};
		68DE549227D26B2D004D7EB9 /* XCRemoteSwiftPackageReference "PKHUD" */ = {
			isa = XCRemoteSwiftPackageReference;
			repositoryURL = "https://github.com/pkluz/PKHUD";
			requirement = {
				kind = exactVersion;
				version = 5.4.0;
			};
		};
		68DE549527D368DB004D7EB9 /* XCRemoteSwiftPackageReference "AlamofireImage" */ = {
			isa = XCRemoteSwiftPackageReference;
			repositoryURL = "https://github.com/Alamofire/AlamofireImage";
			requirement = {
				kind = exactVersion;
				version = 4.2.0;
			};
		};
		68DE549827D37DC4004D7EB9 /* XCRemoteSwiftPackageReference "SwiftyJSON" */ = {
			isa = XCRemoteSwiftPackageReference;
			repositoryURL = "https://github.com/SwiftyJSON/SwiftyJSON";
			requirement = {
				kind = exactVersion;
				version = 5.0.1;
			};
		};
/* End XCRemoteSwiftPackageReference section */

/* Begin XCSwiftPackageProductDependency section */
		68DCA02B27CB32F400B69D85 /* FirebaseAnalytics */ = {
			isa = XCSwiftPackageProductDependency;
			package = 68DCA02A27CB32F400B69D85 /* XCRemoteSwiftPackageReference "firebase-ios-sdk" */;
			productName = FirebaseAnalytics;
		};
		68DCA02D27CB32F400B69D85 /* FirebaseAuth */ = {
			isa = XCSwiftPackageProductDependency;
			package = 68DCA02A27CB32F400B69D85 /* XCRemoteSwiftPackageReference "firebase-ios-sdk" */;
			productName = FirebaseAuth;
		};
		68DCA02F27CB32F400B69D85 /* FirebaseDatabase */ = {
			isa = XCSwiftPackageProductDependency;
			package = 68DCA02A27CB32F400B69D85 /* XCRemoteSwiftPackageReference "firebase-ios-sdk" */;
			productName = FirebaseDatabase;
		};
		68DCA03127CB32F400B69D85 /* FirebaseFirestore */ = {
			isa = XCSwiftPackageProductDependency;
			package = 68DCA02A27CB32F400B69D85 /* XCRemoteSwiftPackageReference "firebase-ios-sdk" */;
			productName = FirebaseFirestore;
		};
		68DCA03327CB32F400B69D85 /* FirebaseFunctions */ = {
			isa = XCSwiftPackageProductDependency;
			package = 68DCA02A27CB32F400B69D85 /* XCRemoteSwiftPackageReference "firebase-ios-sdk" */;
			productName = FirebaseFunctions;
		};
		68DCA03527CB32F400B69D85 /* FirebaseMessaging */ = {
			isa = XCSwiftPackageProductDependency;
			package = 68DCA02A27CB32F400B69D85 /* XCRemoteSwiftPackageReference "firebase-ios-sdk" */;
			productName = FirebaseMessaging;
		};
		68DCA03727CB32F400B69D85 /* FirebaseStorage */ = {
			isa = XCSwiftPackageProductDependency;
			package = 68DCA02A27CB32F400B69D85 /* XCRemoteSwiftPackageReference "firebase-ios-sdk" */;
			productName = FirebaseStorage;
		};
		68DE549327D26B2D004D7EB9 /* PKHUD */ = {
			isa = XCSwiftPackageProductDependency;
			package = 68DE549227D26B2D004D7EB9 /* XCRemoteSwiftPackageReference "PKHUD" */;
			productName = PKHUD;
		};
		68DE549627D368DB004D7EB9 /* AlamofireImage */ = {
			isa = XCSwiftPackageProductDependency;
			package = 68DE549527D368DB004D7EB9 /* XCRemoteSwiftPackageReference "AlamofireImage" */;
			productName = AlamofireImage;
		};
		68DE549927D37DC4004D7EB9 /* SwiftyJSON */ = {
			isa = XCSwiftPackageProductDependency;
			package = 68DE549827D37DC4004D7EB9 /* XCRemoteSwiftPackageReference "SwiftyJSON" */;
			productName = SwiftyJSON;
		};
/* End XCSwiftPackageProductDependency section */
	};
	rootObject = 68AB85BA27C6F8B40061E096 /* Project object */;
}
